# This file is automatically @generated by Cargo.
# It is not intended for manual editing.
version = 3

[[package]]
name = "day01-2"
version = "0.1.0"
dependencies = [
 "reduce",
]

[[package]]
name = "reduce"
version = "0.1.4"
source = "registry+https://github.com/rust-lang/crates.io-index"
checksum = "16d2dc47b68ac15ea328cd7ebe01d7d512ed29787f7d534ad2a3c341328b35d7"
